
Microsoft Visual Studio Solution File, Format Version 12.00
# Visual Studio 15
VisualStudioVersion = 15.0.27428.2037
MinimumVisualStudioVersion = 10.0.40219.1
Project("{FAE04EC0-301F-11D3-BF4B-00C04F79EFBC}") = "Lab Number 2", "Lab Number 2\Lab Number 2.csproj", "{A1FB80DE-F5D2-4895-A1A4-130365F10349}"
EndProject
Global
	GlobalSection(SolutionConfigurationPlatforms) = preSolution
		Debug|Any CPU = Debug|Any CPU
		Release|Any CPU = Release|Any CPU
	EndGlobalSection
	GlobalSection(ProjectConfigurationPlatforms) = postSolution
		{A1FB80DE-F5D2-4895-A1A4-130365F10349}.Debug|Any CPU.ActiveCfg = Debug|Any CPU
		{A1FB80DE-F5D2-4895-A1A4-130365F10349}.Debug|Any CPU.Build.0 = Debug|Any CPU
		{A1FB80DE-F5D2-4895-A1A4-130365F10349}.Release|Any CPU.ActiveCfg = Release|Any CPU
		{A1FB80DE-F5D2-4895-A1A4-130365F10349}.Release|Any CPU.Build.0 = Release|Any CPU
	EndGlobalSection
	GlobalSection(SolutionProperties) = preSolution
		HideSolutionNode = FALSE
	EndGlobalSection
	GlobalSection(ExtensibilityGlobals) = postSolution
		SolutionGuid = {D8AEA7CB-24FD-4D8C-A343-C5D722A89160}
	EndGlobalSection
EndGlobal
